
Microsoft Visual Studio Solution File, Format Version 11.00
# Visual Studio 2010
Project("{FAE04EC0-301F-11D3-BF4B-00C04F79EFBC}") = "bSharpAcademy", "bSharpAcademy\bSharpAcademy.csproj", "{E042A265-FF12-4466-BF57-79666231757D}"
EndProject
Global
	GlobalSection(SolutionConfigurationPlatforms) = preSolution
		Debug|x86 = Debug|x86
		Release|x86 = Release|x86
	EndGlobalSection
	GlobalSection(ProjectConfigurationPlatforms) = postSolution
		{E042A265-FF12-4466-BF57-79666231757D}.Debug|x86.ActiveCfg = Debug|x86
		{E042A265-FF12-4466-BF57-79666231757D}.Debug|x86.Build.0 = Debug|x86
		{E042A265-FF12-4466-BF57-79666231757D}.Release|x86.ActiveCfg = Release|x86
		{E042A265-FF12-4466-BF57-79666231757D}.Release|x86.Build.0 = Release|x86
	EndGlobalSection
	GlobalSection(SolutionProperties) = preSolution
		HideSolutionNode = FALSE
	EndGlobalSection
EndGlobal
